github.com/hamelsmu/test_go_module v0.1.1 h1:RGouEvF0qBztuBPrShM6Tx0Zogqfi/CxVVVCbB8s714=
github.com/hamelsmu/test_go_module v0.1.1/go.mod h1:Wjc7t2uq2zhvXqnP8gCRcKvccLJOa8hoxi27Zvg4AbU=
github.com/hamelsmu/test_go_module v0.1.4 h1:kgNQiJ/QKYQJ8E8lmLxHIzpVMHjUMAq7AI2o++npAIs=
github.com/hamelsmu/test_go_module v0.1.4/go.mod h1:Wjc7t2uq2zhvXqnP8gCRcKvccLJOa8hoxi27Zvg4AbU=
github.com/hamelsmu/test_go_module v1.0.1 h1:Zbb4G4iY6xMD1+DWAAoBQHk+Xd+xBk3YGW1VgwdL864=
github.com/hamelsmu/test_go_module v1.0.1/go.mod h1:Wjc7t2uq2zhvXqnP8gCRcKvccLJOa8hoxi27Zvg4AbU=
github.com/hamelsmu/test_go_module v1.0.2 h1:Zfwe9LlBTlhYdwVVAgLIRMMToMJZpQ0ejG+dHm1FVSU=
github.com/hamelsmu/test_go_module v1.0.2/go.mod h1:Wjc7t2uq2zhvXqnP8gCRcKvccLJOa8hoxi27Zvg4AbU=
golang.org/x/text v0.0.0-20170915032832-14c0d48ead0c/go.mod h1:NqM8EUOU14njkJ3fqMW+pc6Ldnwhi/IjpwHt7yyuwOQ=
golang.org/x/text v0.3.4 h1:0YWbFKbhXG/wIiuHDSKpS0Iy7FSA+u45VtBMfQcFTTc=
golang.org/x/text v0.3.4/go.mod h1:5Zoc/QRtKVWzQhOtBMvqHzDpF6irO9z98xDceosuGiQ=
golang.org/x/tools v0.0.0-20180917221912-90fa682c2a6e/go.mod h1:n7NCudcB/nEzxVGmLbDWY5pfWTLqBcC2KZ6jyYvM4mQ=
rsc.io/quote/v3 v3.1.0 h1:9JKUTTIUgS6kzR9mK1YuGKv6Nl+DijDNIc0ghT58FaY=
rsc.io/quote/v3 v3.1.0/go.mod h1:yEA65RcK8LyAZtP9Kv3t0HmxON59tX3rD+tICJqUlj0=
rsc.io/sampler v1.3.0/go.mod h1:T1hPZKmBbMNahiBKFy5HrXp6adAjACjK9JXDnKaTXpA=
rsc.io/sampler v1.3.1 h1:F0c3J2nQCdk9ODsNhU3sElnvPIxM/xV1c/qZuAeZmac=
rsc.io/sampler v1.3.1/go.mod h1:T1hPZKmBbMNahiBKFy5HrXp6adAjACjK9JXDnKaTXpA=
rsc.io/sampler v1.99.99 h1:7i08f/p5TBU5joCPW3GjWG1ZFCmr28ybGqlXtelhEK8=
rsc.io/sampler v1.99.99/go.mod h1:T1hPZKmBbMNahiBKFy5HrXp6adAjACjK9JXDnKaTXpA=
